
Microsoft Visual Studio Solution File, Format Version 11.00
# Visual Studio 2010
Project("{FAE04EC0-301F-11D3-BF4B-00C04F79EFBC}") = "FSAPI.Net", "FSAPI.Net\FSAPI.Net.csproj", "{685AFD84-AFBE-4EAE-94F4-A250C57018D7}"
EndProject
Project("{FAE04EC0-301F-11D3-BF4B-00C04F79EFBC}") = "FSAPI.Net.Test", "FSAPI.Net.Test\FSAPI.Net.Test.csproj", "{5459512D-5E82-473D-9026-0ED57E310C0A}"
EndProject
Project("{2150E333-8FDC-42A3-9474-1A3956D46DE8}") = "Solution Items", "Solution Items", "{95B1CE28-002E-4235-8069-9D6DE3E95BFB}"
	ProjectSection(SolutionItems) = preProject
		FSAPI.Net.vsmdi = FSAPI.Net.vsmdi
		Local.testsettings = Local.testsettings
		TraceAndTestImpact.testsettings = TraceAndTestImpact.testsettings
	EndProjectSection
EndProject
Global
	GlobalSection(TestCaseManagementSettings) = postSolution
		CategoryFile = FSAPI.Net.vsmdi
	EndGlobalSection
	GlobalSection(SolutionConfigurationPlatforms) = preSolution
		Debug|Any CPU = Debug|Any CPU
		Release|Any CPU = Release|Any CPU
	EndGlobalSection
	GlobalSection(ProjectConfigurationPlatforms) = postSolution
		{685AFD84-AFBE-4EAE-94F4-A250C57018D7}.Debug|Any CPU.ActiveCfg = Debug|Any CPU
		{685AFD84-AFBE-4EAE-94F4-A250C57018D7}.Debug|Any CPU.Build.0 = Debug|Any CPU
		{685AFD84-AFBE-4EAE-94F4-A250C57018D7}.Release|Any CPU.ActiveCfg = Release|Any CPU
		{685AFD84-AFBE-4EAE-94F4-A250C57018D7}.Release|Any CPU.Build.0 = Release|Any CPU
		{5459512D-5E82-473D-9026-0ED57E310C0A}.Debug|Any CPU.ActiveCfg = Debug|Any CPU
		{5459512D-5E82-473D-9026-0ED57E310C0A}.Debug|Any CPU.Build.0 = Debug|Any CPU
		{5459512D-5E82-473D-9026-0ED57E310C0A}.Release|Any CPU.ActiveCfg = Release|Any CPU
		{5459512D-5E82-473D-9026-0ED57E310C0A}.Release|Any CPU.Build.0 = Release|Any CPU
	EndGlobalSection
	GlobalSection(SolutionProperties) = preSolution
		HideSolutionNode = FALSE
	EndGlobalSection
EndGlobal
